
Microsoft Visual Studio Solution File, Format Version 12.00
# Visual Studio 15
VisualStudioVersion = 15.0.28307.271
MinimumVisualStudioVersion = 10.0.40219.1
Project("{888888A0-9F3D-457C-B088-3A5042F75D52}") = "hyLib", "hyLib.pyproj", "{FBF4E379-2924-4937-9C27-99E86FCE3F2E}"
EndProject
Project("{888888A0-9F3D-457C-B088-3A5042F75D52}") = "myFirst", "..\myFirst\myFirst.pyproj", "{4E766788-9FE9-46A8-939E-96DB066517C7}"
EndProject
Global
	GlobalSection(SolutionConfigurationPlatforms) = preSolution
		Debug|Any CPU = Debug|Any CPU
		Release|Any CPU = Release|Any CPU
	EndGlobalSection
	GlobalSection(ProjectConfigurationPlatforms) = postSolution
		{FBF4E379-2924-4937-9C27-99E86FCE3F2E}.Debug|Any CPU.ActiveCfg = Debug|Any CPU
		{FBF4E379-2924-4937-9C27-99E86FCE3F2E}.Release|Any CPU.ActiveCfg = Release|Any CPU
		{4E766788-9FE9-46A8-939E-96DB066517C7}.Debug|Any CPU.ActiveCfg = Debug|Any CPU
		{4E766788-9FE9-46A8-939E-96DB066517C7}.Release|Any CPU.ActiveCfg = Release|Any CPU
	EndGlobalSection
	GlobalSection(SolutionProperties) = preSolution
		HideSolutionNode = FALSE
	EndGlobalSection
	GlobalSection(ExtensibilityGlobals) = postSolution
		SolutionGuid = {20D08266-870E-45B7-BBD9-95F29892690B}
	EndGlobalSection
EndGlobal
